{
  "nodes": {
    "agenix": {
      "inputs": {
        "nixpkgs": [
          "nixpkgs"
        ]
      },
      "locked": {
        "lastModified": 1631896269,
        "narHash": "sha256-DAyCxJ8JacayOzGgGSfzrn7ghtsfL/EsCyk1NEUaAR8=",
        "owner": "ryantm",
        "repo": "agenix",
        "rev": "daf1d773989ac5d949aeef03fce0fe27e583dbca",
        "type": "github"
      },
      "original": {
        "owner": "ryantm",
        "repo": "agenix",
        "type": "github"
      }
    },
    "flake-utils": {
      "locked": {
        "lastModified": 1631561581,
        "narHash": "sha256-3VQMV5zvxaVLvqqUrNz3iJelLw30mIVSfZmAaauM3dA=",
        "owner": "numtide",
        "repo": "flake-utils",
        "rev": "7e5bf3925f6fbdfaf50a2a7ca0be2879c4261d19",
        "type": "github"
      },
      "original": {
        "owner": "numtide",
        "repo": "flake-utils",
        "type": "github"
      }
    },
    "flake-utils_2": {
      "locked": {
        "lastModified": 1623875721,
        "narHash": "sha256-A8BU7bjS5GirpAUv4QA+QnJ4CceLHkcXdRp4xITDB0s=",
        "owner": "numtide",
        "repo": "flake-utils",
        "rev": "f7e004a55b120c02ecb6219596820fcd32ca8772",
        "type": "github"
      },
      "original": {
        "owner": "numtide",
        "repo": "flake-utils",
        "type": "github"
      }
    },
    "home-manager": {
      "inputs": {
        "nixpkgs": [
          "nixpkgs"
        ]
      },
      "locked": {
        "lastModified": 1631740142,
        "narHash": "sha256-FnwtaJ+fZw2QzsCqGJW4kJd9hXiPxPgfi+9dwratk28=",
        "owner": "nix-community",
        "repo": "home-manager",
        "rev": "371576cdc2580ba93a38e28da8ece2129f558815",
        "type": "github"
      },
      "original": {
        "owner": "nix-community",
        "repo": "home-manager",
        "type": "github"
      }
    },
    "nixpkgs": {
      "locked": {
        "lastModified": 1631962327,
        "narHash": "sha256-h2fgtNHozEcB42BQ1QVWAJUpQ1FA3gpgq/RrOKAxbfE=",
        "owner": "NixOS",
        "repo": "nixpkgs",
        "rev": "bc9b956714ed6eac5f8888322aac5bc41389defa",
        "type": "github"
      },
      "original": {
        "id": "nixpkgs",
        "ref": "nixos-unstable",
        "type": "indirect"
      }
    },
    "nur": {
      "locked": {
        "lastModified": 1632216957,
        "narHash": "sha256-r7dXDwiNp9koZy9Jc6uAA6Mf7K3IFUNOvpIGzNfPRSw=",
        "owner": "nix-community",
        "repo": "NUR",
        "rev": "a4c6c7940619742f26187c34f162e4b4b8b27343",
        "type": "github"
      },
      "original": {
        "owner": "nix-community",
        "repo": "NUR",
        "type": "github"
      }
    },
    "root": {
      "inputs": {
        "agenix": "agenix",
        "flake-utils": "flake-utils",
        "home-manager": "home-manager",
        "nixpkgs": "nixpkgs",
        "nur": "nur",
        "rust-overlay": "rust-overlay"
      }
    },
    "rust-overlay": {
      "inputs": {
        "flake-utils": "flake-utils_2",
        "nixpkgs": [
          "nixpkgs"
        ]
      },
      "locked": {
        "lastModified": 1632223470,
        "narHash": "sha256-BVCa+epR2Bi5i5JS8rpk5F9llFkVX9KzJWmeRn4Mudg=",
        "owner": "oxalica",
        "repo": "rust-overlay",
        "rev": "d875f63082a3db25fa233d4ccd8f86b138c6cfeb",
        "type": "github"
      },
      "original": {
        "owner": "oxalica",
        "repo": "rust-overlay",
        "type": "github"
      }
    }
  },
  "root": "root",
  "version": 7
}
